
Microsoft Visual Studio Solution File, Format Version 12.00
# Visual Studio Version 16
VisualStudioVersion = 16.0.31205.134
MinimumVisualStudioVersion = 10.0.40219.1
Project("{FAE04EC0-301F-11D3-BF4B-00C04F79EFBC}") = "UdemyAspNetCore", "UdemyAspNetCore\UdemyAspNetCore.csproj", "{A5CA2A41-456D-43C1-8D6C-0CA9D0C14720}"
EndProject
Global
	GlobalSection(SolutionConfigurationPlatforms) = preSolution
		Debug|Any CPU = Debug|Any CPU
		Release|Any CPU = Release|Any CPU
	EndGlobalSection
	GlobalSection(ProjectConfigurationPlatforms) = postSolution
		{A5CA2A41-456D-43C1-8D6C-0CA9D0C14720}.Debug|Any CPU.ActiveCfg = Debug|Any CPU
		{A5CA2A41-456D-43C1-8D6C-0CA9D0C14720}.Debug|Any CPU.Build.0 = Debug|Any CPU
		{A5CA2A41-456D-43C1-8D6C-0CA9D0C14720}.Release|Any CPU.ActiveCfg = Release|Any CPU
		{A5CA2A41-456D-43C1-8D6C-0CA9D0C14720}.Release|Any CPU.Build.0 = Release|Any CPU
	EndGlobalSection
	GlobalSection(SolutionProperties) = preSolution
		HideSolutionNode = FALSE
	EndGlobalSection
	GlobalSection(ExtensibilityGlobals) = postSolution
		SolutionGuid = {B4BA63D8-9256-4F8C-87EB-2AC6BA8E4EA9}
	EndGlobalSection
EndGlobal
